
Microsoft Visual Studio Solution File, Format Version 12.00
# Visual Studio Version 17
VisualStudioVersion = 17.14.36518.9 d17.14
MinimumVisualStudioVersion = 10.0.40219.1
Project("{FAE04EC0-301F-11D3-BF4B-00C04F79EFBC}") = "HesapMakinesi", "HesapMakinesi\HesapMakinesi.csproj", "{BDA97CA3-DD7D-49DE-8001-5C0419A1CE6F}"
EndProject
Global
	GlobalSection(SolutionConfigurationPlatforms) = preSolution
		Debug|Any CPU = Debug|Any CPU
		Release|Any CPU = Release|Any CPU
	EndGlobalSection
	GlobalSection(ProjectConfigurationPlatforms) = postSolution
		{BDA97CA3-DD7D-49DE-8001-5C0419A1CE6F}.Debug|Any CPU.ActiveCfg = Debug|Any CPU
		{BDA97CA3-DD7D-49DE-8001-5C0419A1CE6F}.Debug|Any CPU.Build.0 = Debug|Any CPU
		{BDA97CA3-DD7D-49DE-8001-5C0419A1CE6F}.Release|Any CPU.ActiveCfg = Release|Any CPU
		{BDA97CA3-DD7D-49DE-8001-5C0419A1CE6F}.Release|Any CPU.Build.0 = Release|Any CPU
	EndGlobalSection
	GlobalSection(SolutionProperties) = preSolution
		HideSolutionNode = FALSE
	EndGlobalSection
	GlobalSection(ExtensibilityGlobals) = postSolution
		SolutionGuid = {1FE4382B-0F3F-4DAC-9A8A-9E65F633ACF9}
	EndGlobalSection
EndGlobal
